// !$*UTF8*$!
{
	archiveVersion = 1;
	classes = {
	};
	objectVersion = 46;
	objects = {

/* Begin PBXBuildFile section */
		BE71DCF816170CAE00477746 /* AnotherViewController.m in Sources */ = {isa = PBXBuildFile; fileRef = BE71DCF716170CAE00477746 /* AnotherViewController.m */; };
		BEAD8B431616C6B80007F019 /* UIKit.framework in Frameworks */ = {isa = PBXBuildFile; fileRef = BEAD8B421616C6B80007F019 /* UIKit.framework */; };
		BEAD8B451616C6B80007F019 /* Foundation.framework in Frameworks */ = {isa = PBXBuildFile; fileRef = BEAD8B441616C6B80007F019 /* Foundation.framework */; };
		BEAD8B471616C6B80007F019 /* CoreGraphics.framework in Frameworks */ = {isa = PBXBuildFile; fileRef = BEAD8B461616C6B80007F019 /* CoreGraphics.framework */; };
		BEAD8B4D1616C6B80007F019 /* InfoPlist.strings in Resources */ = {isa = PBXBuildFile; fileRef = BEAD8B4B1616C6B80007F019 /* InfoPlist.strings */; };
		BEAD8B4F1616C6B80007F019 /* main.m in Sources */ = {isa = PBXBuildFile; fileRef = BEAD8B4E1616C6B80007F019 /* main.m */; };
		BEAD8B531616C6B80007F019 /* AppDelegate.m in Sources */ = {isa = PBXBuildFile; fileRef = BEAD8B521616C6B80007F019 /* AppDelegate.m */; };
		BEAD8B551616C6B80007F019 /* Default.png in Resources */ = {isa = PBXBuildFile; fileRef = BEAD8B541616C6B80007F019 /* Default.png */; };
		BEAD8B571616C6B80007F019 /* Default@2x.png in Resources */ = {isa = PBXBuildFile; fileRef = BEAD8B561616C6B80007F019 /* Default@2x.png */; };
		BEAD8B591616C6B80007F019 /* Default-568h@2x.png in Resources */ = {isa = PBXBuildFile; fileRef = BEAD8B581616C6B80007F019 /* Default-568h@2x.png */; };
		BEAD8B5C1616C6B80007F019 /* MainStoryboard.storyboard in Resources */ = {isa = PBXBuildFile; fileRef = BEAD8B5A1616C6B80007F019 /* MainStoryboard.storyboard */; };
		BEAD8B6F1616E0830007F019 /* HideNavigationBarSegue.m in Sources */ = {isa = PBXBuildFile; fileRef = BEAD8B6E1616E0780007F019 /* HideNavigationBarSegue.m */; };
		BEAD8B721616E0960007F019 /* HomeViewController.m in Sources */ = {isa = PBXBuildFile; fileRef = BEAD8B711616E0960007F019 /* HomeViewController.m */; };
		BEAD8B7D1616E49D0007F019 /* SecondViewController.m in Sources */ = {isa = PBXBuildFile; fileRef = BEAD8B7C1616E49D0007F019 /* SecondViewController.m */; };
/* End PBXBuildFile section */

/* Begin PBXFileReference section */
		BE71DCF616170CAE00477746 /* AnotherViewController.h */ = {isa = PBXFileReference; fileEncoding = 4; lastKnownFileType = sourcecode.c.h; name = AnotherViewController.h; path = ViewController/AnotherViewController.h; sourceTree = "<group>"; };
		BE71DCF716170CAE00477746 /* AnotherViewController.m */ = {isa = PBXFileReference; fileEncoding = 4; lastKnownFileType = sourcecode.c.objc; name = AnotherViewController.m; path = ViewController/AnotherViewController.m; sourceTree = "<group>"; };
		BEAD8B3E1616C6B80007F019 /* Unwind Segue.app */ = {isa = PBXFileReference; explicitFileType = wrapper.application; includeInIndex = 0; path = "Unwind Segue.app"; sourceTree = BUILT_PRODUCTS_DIR; };
		BEAD8B421616C6B80007F019 /* UIKit.framework */ = {isa = PBXFileReference; lastKnownFileType = wrapper.framework; name = UIKit.framework; path = System/Library/Frameworks/UIKit.framework; sourceTree = SDKROOT; };
		BEAD8B441616C6B80007F019 /* Foundation.framework */ = {isa = PBXFileReference; lastKnownFileType = wrapper.framework; name = Foundation.framework; path = System/Library/Frameworks/Foundation.framework; sourceTree = SDKROOT; };
		BEAD8B461616C6B80007F019 /* CoreGraphics.framework */ = {isa = PBXFileReference; lastKnownFileType = wrapper.framework; name = CoreGraphics.framework; path = System/Library/Frameworks/CoreGraphics.framework; sourceTree = SDKROOT; };
		BEAD8B4A1616C6B80007F019 /* Unwind Segue-Info.plist */ = {isa = PBXFileReference; lastKnownFileType = text.plist.xml; path = "Unwind Segue-Info.plist"; sourceTree = "<group>"; };
		BEAD8B4C1616C6B80007F019 /* en */ = {isa = PBXFileReference; lastKnownFileType = text.plist.strings; name = en; path = en.lproj/InfoPlist.strings; sourceTree = "<group>"; };
		BEAD8B4E1616C6B80007F019 /* main.m */ = {isa = PBXFileReference; lastKnownFileType = sourcecode.c.objc; path = main.m; sourceTree = "<group>"; };
		BEAD8B501616C6B80007F019 /* Unwind Segue-Prefix.pch */ = {isa = PBXFileReference; lastKnownFileType = sourcecode.c.h; path = "Unwind Segue-Prefix.pch"; sourceTree = "<group>"; };
		BEAD8B511616C6B80007F019 /* AppDelegate.h */ = {isa = PBXFileReference; lastKnownFileType = sourcecode.c.h; path = AppDelegate.h; sourceTree = "<group>"; };
		BEAD8B521616C6B80007F019 /* AppDelegate.m */ = {isa = PBXFileReference; lastKnownFileType = sourcecode.c.objc; path = AppDelegate.m; sourceTree = "<group>"; };
		BEAD8B541616C6B80007F019 /* Default.png */ = {isa = PBXFileReference; lastKnownFileType = image.png; path = Default.png; sourceTree = "<group>"; };
		BEAD8B561616C6B80007F019 /* Default@2x.png */ = {isa = PBXFileReference; lastKnownFileType = image.png; path = "Default@2x.png"; sourceTree = "<group>"; };
		BEAD8B581616C6B80007F019 /* Default-568h@2x.png */ = {isa = PBXFileReference; lastKnownFileType = image.png; path = "Default-568h@2x.png"; sourceTree = "<group>"; };
		BEAD8B5B1616C6B80007F019 /* en */ = {isa = PBXFileReference; lastKnownFileType = file.storyboard; name = en; path = en.lproj/MainStoryboard.storyboard; sourceTree = "<group>"; };
		BEAD8B6D1616E0780007F019 /* HideNavigationBarSegue.h */ = {isa = PBXFileReference; lastKnownFileType = sourcecode.c.h; name = HideNavigationBarSegue.h; path = Segues/HideNavigationBarSegue.h; sourceTree = "<group>"; };
		BEAD8B6E1616E0780007F019 /* HideNavigationBarSegue.m */ = {isa = PBXFileReference; lastKnownFileType = sourcecode.c.objc; name = HideNavigationBarSegue.m; path = Segues/HideNavigationBarSegue.m; sourceTree = "<group>"; };
		BEAD8B701616E0960007F019 /* HomeViewController.h */ = {isa = PBXFileReference; fileEncoding = 4; lastKnownFileType = sourcecode.c.h; name = HomeViewController.h; path = ViewController/HomeViewController.h; sourceTree = "<group>"; };
		BEAD8B711616E0960007F019 /* HomeViewController.m */ = {isa = PBXFileReference; fileEncoding = 4; lastKnownFileType = sourcecode.c.objc; name = HomeViewController.m; path = ViewController/HomeViewController.m; sourceTree = "<group>"; };
		BEAD8B7B1616E49D0007F019 /* SecondViewController.h */ = {isa = PBXFileReference; fileEncoding = 4; lastKnownFileType = sourcecode.c.h; name = SecondViewController.h; path = ViewController/SecondViewController.h; sourceTree = "<group>"; };
		BEAD8B7C1616E49D0007F019 /* SecondViewController.m */ = {isa = PBXFileReference; fileEncoding = 4; lastKnownFileType = sourcecode.c.objc; name = SecondViewController.m; path = ViewController/SecondViewController.m; sourceTree = "<group>"; };
/* End PBXFileReference section */

/* Begin PBXFrameworksBuildPhase section */
		BEAD8B3B1616C6B80007F019 /* Frameworks */ = {
			isa = PBXFrameworksBuildPhase;
			buildActionMask = 2147483647;
			files = (
				BEAD8B431616C6B80007F019 /* UIKit.framework in Frameworks */,
				BEAD8B451616C6B80007F019 /* Foundation.framework in Frameworks */,
				BEAD8B471616C6B80007F019 /* CoreGraphics.framework in Frameworks */,
			);
			runOnlyForDeploymentPostprocessing = 0;
		};
/* End PBXFrameworksBuildPhase section */

/* Begin PBXGroup section */
		BEAD8B331616C6B80007F019 = {
			isa = PBXGroup;
			children = (
				BEAD8B481616C6B80007F019 /* Unwind Segue */,
				BEAD8B411616C6B80007F019 /* Frameworks */,
				BEAD8B3F1616C6B80007F019 /* Products */,
			);
			sourceTree = "<group>";
		};
		BEAD8B3F1616C6B80007F019 /* Products */ = {
			isa = PBXGroup;
			children = (
				BEAD8B3E1616C6B80007F019 /* Unwind Segue.app */,
			);
			name = Products;
			sourceTree = "<group>";
		};
		BEAD8B411616C6B80007F019 /* Frameworks */ = {
			isa = PBXGroup;
			children = (
				BEAD8B421616C6B80007F019 /* UIKit.framework */,
				BEAD8B441616C6B80007F019 /* Foundation.framework */,
				BEAD8B461616C6B80007F019 /* CoreGraphics.framework */,
			);
			name = Frameworks;
			sourceTree = "<group>";
		};
		BEAD8B481616C6B80007F019 /* Unwind Segue */ = {
			isa = PBXGroup;
			children = (
				BEAD8B6C1616DFFA0007F019 /* ViewController */,
				BEAD8B681616DC9F0007F019 /* Segues */,
				BEAD8B511616C6B80007F019 /* AppDelegate.h */,
				BEAD8B521616C6B80007F019 /* AppDelegate.m */,
				BEAD8B5A1616C6B80007F019 /* MainStoryboard.storyboard */,
				BEAD8B491616C6B80007F019 /* Supporting Files */,
			);
			path = "Unwind Segue";
			sourceTree = "<group>";
		};
		BEAD8B491616C6B80007F019 /* Supporting Files */ = {
			isa = PBXGroup;
			children = (
				BEAD8B4A1616C6B80007F019 /* Unwind Segue-Info.plist */,
				BEAD8B4B1616C6B80007F019 /* InfoPlist.strings */,
				BEAD8B4E1616C6B80007F019 /* main.m */,
				BEAD8B501616C6B80007F019 /* Unwind Segue-Prefix.pch */,
				BEAD8B541616C6B80007F019 /* Default.png */,
				BEAD8B561616C6B80007F019 /* Default@2x.png */,
				BEAD8B581616C6B80007F019 /* Default-568h@2x.png */,
			);
			name = "Supporting Files";
			sourceTree = "<group>";
		};
		BEAD8B681616DC9F0007F019 /* Segues */ = {
			isa = PBXGroup;
			children = (
				BEAD8B6D1616E0780007F019 /* HideNavigationBarSegue.h */,
				BEAD8B6E1616E0780007F019 /* HideNavigationBarSegue.m */,
			);
			name = Segues;
			sourceTree = "<group>";
		};
		BEAD8B6C1616DFFA0007F019 /* ViewController */ = {
			isa = PBXGroup;
			children = (
				BEAD8B701616E0960007F019 /* HomeViewController.h */,
				BEAD8B711616E0960007F019 /* HomeViewController.m */,
				BEAD8B7B1616E49D0007F019 /* SecondViewController.h */,
				BEAD8B7C1616E49D0007F019 /* SecondViewController.m */,
				BE71DCF616170CAE00477746 /* AnotherViewController.h */,
				BE71DCF716170CAE00477746 /* AnotherViewController.m */,
			);
			name = ViewController;
			sourceTree = "<group>";
		};
/* End PBXGroup section */

/* Begin PBXNativeTarget section */
		BEAD8B3D1616C6B80007F019 /* Unwind Segue */ = {
			isa = PBXNativeTarget;
			buildConfigurationList = BEAD8B621616C6B80007F019 /* Build configuration list for PBXNativeTarget "Unwind Segue" */;
			buildPhases = (
				BEAD8B3A1616C6B80007F019 /* Sources */,
				BEAD8B3B1616C6B80007F019 /* Frameworks */,
				BEAD8B3C1616C6B80007F019 /* Resources */,
			);
			buildRules = (
			);
			dependencies = (
			);
			name = "Unwind Segue";
			productName = "Unwind Segue";
			productReference = BEAD8B3E1616C6B80007F019 /* Unwind Segue.app */;
			productType = "com.apple.product-type.application";
		};
/* End PBXNativeTarget section */

/* Begin PBXProject section */
		BEAD8B351616C6B80007F019 /* Project object */ = {
			isa = PBXProject;
			attributes = {
				LastUpgradeCheck = 0450;
				ORGANIZATIONNAME = P.I.akura;
			};
			buildConfigurationList = BEAD8B381616C6B80007F019 /* Build configuration list for PBXProject "Unwind Segue" */;
			compatibilityVersion = "Xcode 3.2";
			developmentRegion = English;
			hasScannedForEncodings = 0;
			knownRegions = (
				en,
			);
			mainGroup = BEAD8B331616C6B80007F019;
			productRefGroup = BEAD8B3F1616C6B80007F019 /* Products */;
			projectDirPath = "";
			projectRoot = "";
			targets = (
				BEAD8B3D1616C6B80007F019 /* Unwind Segue */,
			);
		};
/* End PBXProject section */

/* Begin PBXResourcesBuildPhase section */
		BEAD8B3C1616C6B80007F019 /* Resources */ = {
			isa = PBXResourcesBuildPhase;
			buildActionMask = 2147483647;
			files = (
				BEAD8B4D1616C6B80007F019 /* InfoPlist.strings in Resources */,
				BEAD8B551616C6B80007F019 /* Default.png in Resources */,
				BEAD8B571616C6B80007F019 /* Default@2x.png in Resources */,
				BEAD8B591616C6B80007F019 /* Default-568h@2x.png in Resources */,
				BEAD8B5C1616C6B80007F019 /* MainStoryboard.storyboard in Resources */,
			);
			runOnlyForDeploymentPostprocessing = 0;
		};
/* End PBXResourcesBuildPhase section */

/* Begin PBXSourcesBuildPhase section */
		BEAD8B3A1616C6B80007F019 /* Sources */ = {
			isa = PBXSourcesBuildPhase;
			buildActionMask = 2147483647;
			files = (
				BEAD8B4F1616C6B80007F019 /* main.m in Sources */,
				BEAD8B531616C6B80007F019 /* AppDelegate.m in Sources */,
				BEAD8B6F1616E0830007F019 /* HideNavigationBarSegue.m in Sources */,
				BEAD8B721616E0960007F019 /* HomeViewController.m in Sources */,
				BEAD8B7D1616E49D0007F019 /* SecondViewController.m in Sources */,
				BE71DCF816170CAE00477746 /* AnotherViewController.m in Sources */,
			);
			runOnlyForDeploymentPostprocessing = 0;
		};
/* End PBXSourcesBuildPhase section */

/* Begin PBXVariantGroup section */
		BEAD8B4B1616C6B80007F019 /* InfoPlist.strings */ = {
			isa = PBXVariantGroup;
			children = (
				BEAD8B4C1616C6B80007F019 /* en */,
			);
			name = InfoPlist.strings;
			sourceTree = "<group>";
		};
		BEAD8B5A1616C6B80007F019 /* MainStoryboard.storyboard */ = {
			isa = PBXVariantGroup;
			children = (
				BEAD8B5B1616C6B80007F019 /* en */,
			);
			name = MainStoryboard.storyboard;
			sourceTree = "<group>";
		};
/* End PBXVariantGroup section */

/* Begin XCBuildConfiguration section */
		BEAD8B601616C6B80007F019 /* Debug */ = {
			isa = XCBuildConfiguration;
			buildSettings = {
				ALWAYS_SEARCH_USER_PATHS = NO;
				CLANG_CXX_LANGUAGE_STANDARD = "gnu++0x";
				CLANG_CXX_LIBRARY = "libc++";
				CLANG_ENABLE_OBJC_ARC = YES;
				CLANG_WARN_EMPTY_BODY = YES;
				CLANG_WARN__DUPLICATE_METHOD_MATCH = YES;
				"CODE_SIGN_IDENTITY[sdk=iphoneos*]" = "iPhone Developer";
				COPY_PHASE_STRIP = NO;
				GCC_C_LANGUAGE_STANDARD = gnu99;
				GCC_DYNAMIC_NO_PIC = NO;
				GCC_OPTIMIZATION_LEVEL = 0;
				GCC_PREPROCESSOR_DEFINITIONS = (
					"DEBUG=1",
					"$(inherited)",
				);
				GCC_SYMBOLS_PRIVATE_EXTERN = NO;
				GCC_WARN_ABOUT_RETURN_TYPE = YES;
				GCC_WARN_UNINITIALIZED_AUTOS = YES;
				GCC_WARN_UNUSED_VARIABLE = YES;
				IPHONEOS_DEPLOYMENT_TARGET = 6.0;
				SDKROOT = iphoneos;
			};
			name = Debug;
		};
		BEAD8B611616C6B80007F019 /* Release */ = {
			isa = XCBuildConfiguration;
			buildSettings = {
				ALWAYS_SEARCH_USER_PATHS = NO;
				CLANG_CXX_LANGUAGE_STANDARD = "gnu++0x";
				CLANG_CXX_LIBRARY = "libc++";
				CLANG_ENABLE_OBJC_ARC = YES;
				CLANG_WARN_EMPTY_BODY = YES;
				CLANG_WARN__DUPLICATE_METHOD_MATCH = YES;
				"CODE_SIGN_IDENTITY[sdk=iphoneos*]" = "iPhone Developer";
				COPY_PHASE_STRIP = YES;
				GCC_C_LANGUAGE_STANDARD = gnu99;
				GCC_WARN_ABOUT_RETURN_TYPE = YES;
				GCC_WARN_UNINITIALIZED_AUTOS = YES;
				GCC_WARN_UNUSED_VARIABLE = YES;
				IPHONEOS_DEPLOYMENT_TARGET = 6.0;
				OTHER_CFLAGS = "-DNS_BLOCK_ASSERTIONS=1";
				SDKROOT = iphoneos;
				VALIDATE_PRODUCT = YES;
			};
			name = Release;
		};
		BEAD8B631616C6B80007F019 /* Debug */ = {
			isa = XCBuildConfiguration;
			buildSettings = {
				GCC_PRECOMPILE_PREFIX_HEADER = YES;
				GCC_PREFIX_HEADER = "Unwind Segue/Unwind Segue-Prefix.pch";
				INFOPLIST_FILE = "Unwind Segue/Unwind Segue-Info.plist";
				PRODUCT_NAME = "$(TARGET_NAME)";
				WRAPPER_EXTENSION = app;
			};
			name = Debug;
		};
		BEAD8B641616C6B80007F019 /* Release */ = {
			isa = XCBuildConfiguration;
			buildSettings = {
				GCC_PRECOMPILE_PREFIX_HEADER = YES;
				GCC_PREFIX_HEADER = "Unwind Segue/Unwind Segue-Prefix.pch";
				INFOPLIST_FILE = "Unwind Segue/Unwind Segue-Info.plist";
				PRODUCT_NAME = "$(TARGET_NAME)";
				WRAPPER_EXTENSION = app;
			};
			name = Release;
		};
/* End XCBuildConfiguration section */

/* Begin XCConfigurationList section */
		BEAD8B381616C6B80007F019 /* Build configuration list for PBXProject "Unwind Segue" */ = {
			isa = XCConfigurationList;
			buildConfigurations = (
				BEAD8B601616C6B80007F019 /* Debug */,
				BEAD8B611616C6B80007F019 /* Release */,
			);
			defaultConfigurationIsVisible = 0;
			defaultConfigurationName = Release;
		};
		BEAD8B621616C6B80007F019 /* Build configuration list for PBXNativeTarget "Unwind Segue" */ = {
			isa = XCConfigurationList;
			buildConfigurations = (
				BEAD8B631616C6B80007F019 /* Debug */,
				BEAD8B641616C6B80007F019 /* Release */,
			);
			defaultConfigurationIsVisible = 0;
			defaultConfigurationName = Release;
		};
/* End XCConfigurationList section */
	};
	rootObject = BEAD8B351616C6B80007F019 /* Project object */;
}
